<?xml version="1.0" encoding="utf-8"?>
<Project ToolsVersion="4.0" xmlns="http://schemas.microsoft.com/developer/msbuild/2003">
  <ItemGroup>
    <Filter Include="소스 파일">
      <UniqueIdentifier>{4FC737F1-C7A5-4376-A066-2A32D752A2FF}</UniqueIdentifier>
      <Extensions>cpp;c;cc;cxx;c++;cppm;ixx;def;odl;idl;hpj;bat;asm;asmx</Extensions>
    </Filter>
    <Filter Include="리소스 파일">
      <UniqueIdentifier>{67DA6AB6-F800-4c08-8B7A-83BB121AAD01}</UniqueIdentifier>
      <Extensions>rc;ico;cur;bmp;dlg;rc2;rct;bin;rgs;gif;jpg;jpeg;jpe;resx;tiff;tif;png;wav;mfcribbon-ms</Extensions>
    </Filter>
    <Filter Include="UT">
      <UniqueIdentifier>{16968c39-7fbc-41b8-9985-0df17c8f2e2f}</UniqueIdentifier>
    </Filter>
    <Filter Include="UT\dummy_files">
      <UniqueIdentifier>{e22d4804-87a1-4955-a66a-08bd1e936636}</UniqueIdentifier>
    </Filter>
    <Filter Include="소스 파일\common">
      <UniqueIdentifier>{17cafafb-a41a-4e5d-a146-aae4ef7d299d}</UniqueIdentifier>
    </Filter>
    <Filter Include="소스 파일\logger">
      <UniqueIdentifier>{ff32b2cd-1ba0-4385-a5a7-54323798b9b5}</UniqueIdentifier>
    </Filter>
    <Filter Include="소스 파일\driver">
      <UniqueIdentifier>{5542fc88-7eae-46a4-ac57-d96a995f4c75}</UniqueIdentifier>
    </Filter>
    <Filter Include="소스 파일\shell">
      <UniqueIdentifier>{1447cfa4-c304-4a0f-917e-bb371d9d1b30}</UniqueIdentifier>
    </Filter>
    <Filter Include="소스 파일\shell\shellcommand">
      <UniqueIdentifier>{46237640-09bc-460b-b959-4fd6b6dc941c}</UniqueIdentifier>
    </Filter>
    <Filter Include="소스 파일\shell\shellscript">
      <UniqueIdentifier>{3e25fa99-8fac-4a4f-abb2-457f52598670}</UniqueIdentifier>
    </Filter>
    <Filter Include="소스 파일\shell\shellscript\script">
      <UniqueIdentifier>{8db56ab0-b2c7-4595-b8b4-8b69eb115e76}</UniqueIdentifier>
    </Filter>
    <Filter Include="소스 파일\shell\shellscript\parser">
      <UniqueIdentifier>{796d384a-47e3-4a66-ade7-4511904fe795}</UniqueIdentifier>
    </Filter>
    <Filter Include="소스 파일\shell\shellrunnerscript">
      <UniqueIdentifier>{7718e0d0-3aca-4d20-a107-b70e591ae1e2}</UniqueIdentifier>
    </Filter>
  </ItemGroup>
  <ItemGroup>
    <ClCompile Include="main.cpp">
      <Filter>소스 파일</Filter>
    </ClCompile>
    <ClCompile Include="$(MSBuildThisFileDirectory)..\..\lib\native\src\gmock\gmock-all.cc">
      <Filter>소스 파일</Filter>
    </ClCompile>
    <ClCompile Include="shell_interface_ut.cpp">
      <Filter>UT</Filter>
    </ClCompile>
    <ClCompile Include="ssddriver_ut.cpp">
      <Filter>UT</Filter>
    </ClCompile>
    <ClCompile Include="ssddriver.cpp">
      <Filter>소스 파일</Filter>
    </ClCompile>
    <ClCompile Include="$(MSBuildThisFileDirectory)..\..\lib\native\src\gtest\gtest-all.cc">
      <Filter>소스 파일</Filter>
    </ClCompile>
    <ClCompile Include="$(MSBuildThisFileDirectory)..\..\lib\native\src\gmock\gmock-all.cc">
      <Filter>소스 파일</Filter>
    </ClCompile>
    <ClCompile Include="ssddriver_exception.cpp">
      <Filter>소스 파일\driver</Filter>
    </ClCompile>
    <ClCompile Include="ssddriver.cpp">
      <Filter>소스 파일\driver</Filter>
    </ClCompile>
    <ClCompile Include="config.cpp">
      <Filter>소스 파일\driver</Filter>
    </ClCompile>
    <ClCompile Include="mock_ssddriver.h">
      <Filter>UT</Filter>
    </ClCompile>
    <ClCompile Include="logger.cpp">
      <Filter>소스 파일\logger</Filter>
    </ClCompile>
    <ClCompile Include="logger_exception.cpp">
      <Filter>소스 파일\logger</Filter>
    </ClCompile>
    <ClCompile Include="shell_util.cpp">
      <Filter>소스 파일\common</Filter>
    </ClCompile>
    <ClCompile Include="shell_command_factory.cpp">
      <Filter>소스 파일\shell\shellcommand</Filter>
    </ClCompile>
    <ClCompile Include="shell_erase_command.cpp">
      <Filter>소스 파일\shell\shellcommand</Filter>
    </ClCompile>
    <ClCompile Include="shell_erase_range_command.cpp">
      <Filter>소스 파일\shell\shellcommand</Filter>
    </ClCompile>
    <ClCompile Include="shell_exception.cpp">
      <Filter>소스 파일\shell\shellcommand</Filter>
    </ClCompile>
    <ClCompile Include="shell_exit_command.cpp">
      <Filter>소스 파일\shell\shellcommand</Filter>
    </ClCompile>
    <ClCompile Include="shell_full_read_command.cpp">
      <Filter>소스 파일\shell\shellcommand</Filter>
    </ClCompile>
    <ClCompile Include="shell_help_command.cpp">
      <Filter>소스 파일\shell\shellcommand</Filter>
    </ClCompile>
    <ClCompile Include="shell_read_command.cpp">
      <Filter>소스 파일\shell\shellcommand</Filter>
    </ClCompile>
    <ClCompile Include="shell_script_run_command.cpp">
      <Filter>소스 파일\shell\shellcommand</Filter>
    </ClCompile>
    <ClCompile Include="shell_write_command.cpp">
      <Filter>소스 파일\shell\shellcommand</Filter>
    </ClCompile>
    <ClCompile Include="shell_flush_command.cpp">
      <Filter>소스 파일\shell\shellcommand</Filter>
    </ClCompile>
    <ClCompile Include="script_parser.cpp">
      <Filter>소스 파일\shell\shellscript\parser</Filter>
    </ClCompile>
    <ClCompile Include="script_parameter_generator.cpp">
      <Filter>소스 파일\shell\shellscript\parser</Filter>
    </ClCompile>
    <ClCompile Include="script_loader.cpp">
      <Filter>소스 파일\shell\shellscript</Filter>
    </ClCompile>
    <ClCompile Include="script_store.cpp">
      <Filter>소스 파일\shell\shellscript</Filter>
    </ClCompile>
    <ClCompile Include="shell_script_compare_command.cpp">
      <Filter>소스 파일\shell\shellscript</Filter>
    </ClCompile>
    <ClCompile Include="shell_script_loop_command.cpp">
      <Filter>소스 파일\shell\shellscript</Filter>
    </ClCompile>
    <ClCompile Include="shell_script_write_command.cpp">
      <Filter>소스 파일\shell\shellscript</Filter>
    </ClCompile>
    <ClCompile Include="shell.cpp">
      <Filter>소스 파일\shell</Filter>
    </ClCompile>
    <ClCompile Include="shell_executor.cpp">
      <Filter>소스 파일\shell</Filter>
    </ClCompile>
    <ClCompile Include="shell_full_write_command.cpp">
      <Filter>소스 파일\shell\shellcommand</Filter>
    </ClCompile>
    <ClCompile Include="shell_script_erase_command.cpp">
      <Filter>소스 파일\shell\shellscript</Filter>
    </ClCompile>
    <ClCompile Include="ssddriver_store.cpp">
      <Filter>소스 파일\driver</Filter>
    </ClCompile>
    <ClCompile Include="shell_script_flush_command.cpp">
      <Filter>소스 파일\shell\shellscript</Filter>
    </ClCompile>
  </ItemGroup>
  <ItemGroup>
    <None Include="packages.config" />
    <None Include="MakeFile" />
    <None Include="1_FullWriteAndReadCompare.script">
      <Filter>소스 파일\shell\shellscript\script</Filter>
    </None>
    <None Include="2_PartialLBAWrite.script">
      <Filter>소스 파일\shell\shellscript\script</Filter>
    </None>
    <None Include="3_WriteReadAging.script">
      <Filter>소스 파일\shell\shellscript\script</Filter>
    </None>
    <None Include="4_EraseAndWriteAging.script">
      <Filter>소스 파일\shell\shellscript\script</Filter>
    </None>
  </ItemGroup>
  <ItemGroup>
    <ClInclude Include="config.h">
      <Filter>소스 파일\driver</Filter>
    </ClInclude>
    <ClInclude Include="ssddriver.h">
      <Filter>소스 파일\driver</Filter>
    </ClInclude>
    <ClInclude Include="logger.h">
      <Filter>소스 파일\logger</Filter>
    </ClInclude>
    <ClInclude Include="shell_script_command_interface.h">
      <Filter>소스 파일\shell\shellscript</Filter>
    </ClInclude>
    <ClInclude Include="script_parameter_generator.h">
      <Filter>소스 파일\shell\shellscript\parser</Filter>
    </ClInclude>
    <ClInclude Include="shell_util.h">
      <Filter>소스 파일\common</Filter>
    </ClInclude>
    <ClInclude Include="shell_script_erase_command.h">
      <Filter>소스 파일\shell\shellscript</Filter>
    </ClInclude>
    <ClInclude Include="script_loader.h">
      <Filter>소스 파일\shell\shellscript</Filter>
    </ClInclude>
    <ClInclude Include="script_parser.h">
      <Filter>소스 파일\shell\shellscript\parser</Filter>
    </ClInclude>
    <ClInclude Include="script_store.h">
      <Filter>소스 파일\shell\shellscript</Filter>
    </ClInclude>
    <ClInclude Include="shell.h">
      <Filter>소스 파일\shell</Filter>
    </ClInclude>
    <ClInclude Include="shell_command_factory.h">
      <Filter>소스 파일\shell\shellcommand</Filter>
    </ClInclude>
    <ClInclude Include="shell_erase_command.h">
      <Filter>소스 파일\shell\shellcommand</Filter>
    </ClInclude>
    <ClInclude Include="shell_erase_range_command.h">
      <Filter>소스 파일\shell\shellcommand</Filter>
    </ClInclude>
    <ClInclude Include="shell_exception.h">
      <Filter>소스 파일\shell\shellcommand</Filter>
    </ClInclude>
    <ClInclude Include="shell_exit_command.h">
      <Filter>소스 파일\shell\shellcommand</Filter>
    </ClInclude>
    <ClInclude Include="shell_flush_command.h">
      <Filter>소스 파일\shell\shellcommand</Filter>
    </ClInclude>
    <ClInclude Include="shell_full_read_command.h">
      <Filter>소스 파일\shell\shellcommand</Filter>
    </ClInclude>
    <ClInclude Include="shell_full_write_command.h">
      <Filter>소스 파일\shell\shellcommand</Filter>
    </ClInclude>
    <ClInclude Include="shell_help_command.h">
      <Filter>소스 파일\shell\shellcommand</Filter>
    </ClInclude>
    <ClInclude Include="shell_read_command.h">
      <Filter>소스 파일\shell\shellcommand</Filter>
    </ClInclude>
    <ClInclude Include="shell_script_loop_command.h">
      <Filter>소스 파일\shell\shellscript</Filter>
    </ClInclude>
    <ClInclude Include="shell_script_write_command.h">
      <Filter>소스 파일\shell\shellscript</Filter>
    </ClInclude>
    <ClInclude Include="shell_script_run_command.h">
      <Filter>소스 파일\shell\shellcommand</Filter>
    </ClInclude>
    <ClInclude Include="ssddriver_interface.h">
      <Filter>소스 파일\driver</Filter>
    </ClInclude>
    <ClInclude Include="shell_executor.h">
      <Filter>소스 파일\shell</Filter>
    </ClInclude>
    <ClInclude Include="shell_write_command.h">
      <Filter>소스 파일\shell\shellcommand</Filter>
    </ClInclude>
    <ClInclude Include="shell_script_compare_command.h">
      <Filter>소스 파일\shell\shellscript</Filter>
    </ClInclude>
    <ClInclude Include="ssddriver_store.h">
      <Filter>소스 파일\driver</Filter>
    </ClInclude>
    <ClInclude Include="shell_script_flush_command.h">
      <Filter>소스 파일\shell\shellscript</Filter>
    </ClInclude>
  </ItemGroup>
  <ItemGroup>
    <Text Include="dummy_file1.txt">
      <Filter>UT\dummy_files</Filter>
    </Text>
    <ClInclude Include="common.h">
      <Filter>소스 파일\common</Filter>
    </ClInclude>
    <ClInclude Include="shell_command_interface.h">
      <Filter>소스 파일\shell\shellcommand</Filter>
    </ClInclude>
    <Text Include="runner_script1.txt">
      <Filter>소스 파일\shell\shellrunnerscript</Filter>
    </Text>
  </ItemGroup>
</Project>