<?xml version="1.0" encoding="utf-8"?>
<Project ToolsVersion="4.0" xmlns="http://schemas.microsoft.com/developer/msbuild/2003">
  <ItemGroup>
    <Filter Include="소스 파일">
      <UniqueIdentifier>{4FC737F1-C7A5-4376-A066-2A32D752A2FF}</UniqueIdentifier>
      <Extensions>cpp;c;cc;cxx;c++;cppm;ixx;def;odl;idl;hpj;bat;asm;asmx</Extensions>
    </Filter>
    <Filter Include="헤더 파일">
      <UniqueIdentifier>{93995380-89BD-4b04-88EB-625FBE52EBFB}</UniqueIdentifier>
      <Extensions>h;hh;hpp;hxx;h++;hm;inl;inc;ipp;xsd</Extensions>
    </Filter>
    <Filter Include="리소스 파일">
      <UniqueIdentifier>{67DA6AB6-F800-4c08-8B7A-83BB121AAD01}</UniqueIdentifier>
      <Extensions>rc;ico;cur;bmp;dlg;rc2;rct;bin;rgs;gif;jpg;jpeg;jpe;resx;tiff;tif;png;wav;mfcribbon-ms</Extensions>
    </Filter>
    <Filter Include="UT">
      <UniqueIdentifier>{16968c39-7fbc-41b8-9985-0df17c8f2e2f}</UniqueIdentifier>
    </Filter>
    <Filter Include="UT\dummy_files">
      <UniqueIdentifier>{e22d4804-87a1-4955-a66a-08bd1e936636}</UniqueIdentifier>
    </Filter>
   <Filter Include="common">
      <UniqueIdentifier>{17cafafb-a41a-4e5d-a146-aae4ef7d299d}</UniqueIdentifier>
    </Filter>
    <Filter Include="shellcommand">
      <UniqueIdentifier>{46237640-09bc-460b-b959-4fd6b6dc941c}</UniqueIdentifier>
     </Filter>
  </ItemGroup>
  <ItemGroup>
    <ClCompile Include="main.cpp">
      <Filter>소스 파일</Filter>
    </ClCompile>
    <ClCompile Include="$(MSBuildThisFileDirectory)..\..\lib\native\src\gmock\gmock-all.cc">
      <Filter>소스 파일</Filter>
    </ClCompile>
    <ClCompile Include="ssddriver_ut.cpp">
    <ClCompile Include="SsdDriverUt.cpp">
      <Filter>UT</Filter>
    </ClCompile>
    <ClCompile Include="ShellInterfaceUt.cpp">
      <Filter>UT</Filter>
    </ClCompile>
    <ClCompile Include="ssddriver.cpp">
      <Filter>소스 파일</Filter>
    </ClCompile>
    <ClCompile Include="ssdexception.cpp">
      <Filter>소스 파일</Filter>
    </ClCompile>
    <ClCompile Include="SsdDriverUt.cpp">
      <Filter>UT</Filter>
    </ClCompile>
    <ClCompile Include="ShellInterfaceUt.cpp">
      <Filter>UT</Filter>
    </ClCompile>
    <ClCompile Include="ssddriver.cpp">
      <Filter>소스 파일</Filter>
    </ClCompile>
    <ClCompile Include="ssdexception.cpp">
      <Filter>소스 파일</Filter>
    </ClCompile>
    <ClCompile Include="ssddriver_interface.h">
      <Filter>헤더 파일</Filter>
    </ClCompile>
    <ClCompile Include="mock_ssddriver.h">
      <Filter>헤더 파일</Filter>
    </ClCompile>
    <ClCompile Include="ShellExecutor.cpp">
      <Filter>소스 파일</Filter>
    </ClCompile>
    <ClCompile Include="ShellCommandFactory.cpp">
      <Filter>shellcommand</Filter>
    </ClCompile>
    <ClCompile Include="ShellException.cpp">
      <Filter>shellcommand</Filter>
    </ClCompile>
    <ClCompile Include="ShellReadCommand.cpp">
      <Filter>shellcommand</Filter>
    </ClCompile>
    <ClCompile Include="ShellWriteCommand.cpp">
      <Filter>shellcommand</Filter>
    </ClCompile>
    <ClCompile Include="$(MSBuildThisFileDirectory)..\..\lib\native\src\gtest\gtest-all.cc">
      <Filter>소스 파일</Filter>
    </ClCompile>
    <ClCompile Include="$(MSBuildThisFileDirectory)..\..\lib\native\src\gmock\gmock-all.cc">
      <Filter>소스 파일</Filter>
    </ClCompile>
    <ClCompile Include="ShellUtil.cpp">
      <Filter>소스 파일</Filter>
    </ClCompile>
  </ItemGroup>
  <ItemGroup>
    <None Include="packages.config" />
    <None Include="MakeFile" />
  </ItemGroup>
  <ItemGroup>
    <ClInclude Include="ssddriver.h">
      <Filter>헤더 파일</Filter>
    </ClInclude>
    <ClInclude Include="ssddriver_exception.h">
      <Filter>헤더 파일</Filter>
    </ClInclude>
    <ClInclude Include="config.h">
      <Filter>헤더 파일</Filter>
    </ClInclude>
  </ItemGroup>
  <ItemGroup>
    <Text Include="dummy_file1.txt">
      <Filter>UT\dummy_files</Filter>
    </Text>
    <ClInclude Include="Common.h">
      <Filter>common</Filter>
    </ClInclude>
    <ClInclude Include="ShellCommandInterface.h">
      <Filter>shellcommand</Filter>
    </ClInclude>
  </ItemGroup>
</Project>