
Microsoft Visual Studio Solution File, Format Version 12.00
# Visual Studio Version 17
VisualStudioVersion = 17.10.35013.160
MinimumVisualStudioVersion = 10.0.40219.1
Project("{8BC9CEB8-8B4A-11D0-8D11-00A0C91BC942}") = "SSD", "SSD\SSD.vcxproj", "{FEC41720-0753-4D5C-938A-5D952A583ABF}"
EndProject

Project("{8BC9CEB8-8B4A-11D0-8D11-00A0C91BC942}") = "Shell", "Shell\Shell.vcxproj", "{4391A2D7-A2DD-4EAA-A658-2FC3D66A3A24}"
EndProject
Global
	GlobalSection(SolutionConfigurationPlatforms) = preSolution
		Debug|x64 = Debug|x64
		Debug|x86 = Debug|x86
		Release|x64 = Release|x64
		Release|x86 = Release|x86
	EndGlobalSection
	GlobalSection(ProjectConfigurationPlatforms) = postSolution
		{FEC41720-0753-4D5C-938A-5D952A583ABF}.Debug|x64.ActiveCfg = Debug|x64
		{FEC41720-0753-4D5C-938A-5D952A583ABF}.Debug|x64.Build.0 = Debug|x64
		{FEC41720-0753-4D5C-938A-5D952A583ABF}.Debug|x86.ActiveCfg = Debug|Win32
		{FEC41720-0753-4D5C-938A-5D952A583ABF}.Debug|x86.Build.0 = Debug|Win32
		{FEC41720-0753-4D5C-938A-5D952A583ABF}.Release|x64.ActiveCfg = Release|x64
		{FEC41720-0753-4D5C-938A-5D952A583ABF}.Release|x64.Build.0 = Release|x64
		{FEC41720-0753-4D5C-938A-5D952A583ABF}.Release|x86.ActiveCfg = Release|Win32
		{FEC41720-0753-4D5C-938A-5D952A583ABF}.Release|x86.Build.0 = Release|Win32
		{4391A2D7-A2DD-4EAA-A658-2FC3D66A3A24}.Debug|x64.ActiveCfg = Debug|x64
		{4391A2D7-A2DD-4EAA-A658-2FC3D66A3A24}.Debug|x64.Build.0 = Debug|x64
		{4391A2D7-A2DD-4EAA-A658-2FC3D66A3A24}.Debug|x86.ActiveCfg = Debug|Win32
		{4391A2D7-A2DD-4EAA-A658-2FC3D66A3A24}.Debug|x86.Build.0 = Debug|Win32
		{4391A2D7-A2DD-4EAA-A658-2FC3D66A3A24}.Release|x64.ActiveCfg = Release|x64
		{4391A2D7-A2DD-4EAA-A658-2FC3D66A3A24}.Release|x64.Build.0 = Release|x64
		{4391A2D7-A2DD-4EAA-A658-2FC3D66A3A24}.Release|x86.ActiveCfg = Release|Win32
		{4391A2D7-A2DD-4EAA-A658-2FC3D66A3A24}.Release|x86.Build.0 = Release|Win32
	EndGlobalSection
	GlobalSection(SolutionProperties) = preSolution
		HideSolutionNode = FALSE
	EndGlobalSection
	GlobalSection(ExtensibilityGlobals) = postSolution
		SolutionGuid = {9489BCD7-6BBB-4970-B937-2DAFF993FF34}
	EndGlobalSection
EndGlobal
