<?xml version="1.0" encoding="utf-8"?>
<Project ToolsVersion="4.0" xmlns="http://schemas.microsoft.com/developer/msbuild/2003">
  <ItemGroup>
    <ClCompile Include="UT\UT.cpp">
      <Filter>UT</Filter>
    </ClCompile>
    <ClCompile Include="BufferCommand.cpp">
      <Filter>소스 파일</Filter>
    </ClCompile>
    <ClCompile Include="Command_parser.cpp">
      <Filter>소스 파일</Filter>
    </ClCompile>
    <ClCompile Include="DataFileSystem.cpp">
      <Filter>소스 파일</Filter>
    </ClCompile>
    <ClCompile Include="SSD.cpp">
      <Filter>소스 파일</Filter>
    </ClCompile>
    <ClCompile Include="main.cpp">
      <Filter>소스 파일</Filter>
    </ClCompile>
    <ClCompile Include="$(MSBuildThisFileDirectory)..\..\lib\native\src\gmock\gmock-all.cc">
      <Filter>소스 파일</Filter>
    </ClCompile>
    <ClCompile Include="$(MSBuildThisFileDirectory)..\..\lib\native\src\gtest\gtest-all.cc">
      <Filter>소스 파일</Filter>
    </ClCompile>
  </ItemGroup>
  <ItemGroup>
    <ClInclude Include="DataFileSystem.h" />
    <ClInclude Include="BufferCommand.h" />
    <ClInclude Include="Command_parser.h" />
    <ClInclude Include="FileSystem.h" />
    <ClInclude Include="CommandFileSystem.h" />
  </ItemGroup>
  <ItemGroup>
    <None Include="packages.config" />
  </ItemGroup>
  <ItemGroup>
    <Filter Include="UT">
      <UniqueIdentifier>{2a1bf4e6-d5c1-48d8-bb8b-244b8e1f4ab4}</UniqueIdentifier>
    </Filter>
    <Filter Include="소스 파일">
      <UniqueIdentifier>{ed5893b1-72df-4dc8-95b3-0ee649743e01}</UniqueIdentifier>
    </Filter>
    <Filter Include="리소스 파일">
      <UniqueIdentifier>{46a1e2a1-81cf-4a4f-8c51-dc2456efa6d7}</UniqueIdentifier>
    </Filter>
  </ItemGroup>
</Project>